
Microsoft Visual Studio Solution File, Format Version 12.00
# Visual Studio Version 16
VisualStudioVersion = 16.0.31112.23
MinimumVisualStudioVersion = 10.0.40219.1
Project("{FAE04EC0-301F-11D3-BF4B-00C04F79EFBC}") = "StopwatchExercise", "StopwatchExercise\StopwatchExercise.csproj", "{F2BA8A7F-EF9D-4A8A-A45C-0C18C2E12139}"
EndProject
Global
	GlobalSection(SolutionConfigurationPlatforms) = preSolution
		Debug|Any CPU = Debug|Any CPU
		Release|Any CPU = Release|Any CPU
	EndGlobalSection
	GlobalSection(ProjectConfigurationPlatforms) = postSolution
		{F2BA8A7F-EF9D-4A8A-A45C-0C18C2E12139}.Debug|Any CPU.ActiveCfg = Debug|Any CPU
		{F2BA8A7F-EF9D-4A8A-A45C-0C18C2E12139}.Debug|Any CPU.Build.0 = Debug|Any CPU
		{F2BA8A7F-EF9D-4A8A-A45C-0C18C2E12139}.Release|Any CPU.ActiveCfg = Release|Any CPU
		{F2BA8A7F-EF9D-4A8A-A45C-0C18C2E12139}.Release|Any CPU.Build.0 = Release|Any CPU
	EndGlobalSection
	GlobalSection(SolutionProperties) = preSolution
		HideSolutionNode = FALSE
	EndGlobalSection
	GlobalSection(ExtensibilityGlobals) = postSolution
		SolutionGuid = {5D5C2738-20D1-4050-A7F3-AC2AAE752E43}
	EndGlobalSection
EndGlobal
